
Microsoft Visual Studio Solution File, Format Version 12.00
# Visual Studio Version 16
VisualStudioVersion = 16.0.29613.14
MinimumVisualStudioVersion = 10.0.40219.1
Project("{FAE04EC0-301F-11D3-BF4B-00C04F79EFBC}") = "MenaxhimiMallrave", "MenaxhimiMallrave\MenaxhimiMallrave.csproj", "{8922DF7C-7F5C-44FE-9019-7FE2E1E161DB}"
EndProject
Global
	GlobalSection(SolutionConfigurationPlatforms) = preSolution
		Debug|Any CPU = Debug|Any CPU
		Release|Any CPU = Release|Any CPU
	EndGlobalSection
	GlobalSection(ProjectConfigurationPlatforms) = postSolution
		{8922DF7C-7F5C-44FE-9019-7FE2E1E161DB}.Debug|Any CPU.ActiveCfg = Debug|Any CPU
		{8922DF7C-7F5C-44FE-9019-7FE2E1E161DB}.Debug|Any CPU.Build.0 = Debug|Any CPU
		{8922DF7C-7F5C-44FE-9019-7FE2E1E161DB}.Release|Any CPU.ActiveCfg = Release|Any CPU
		{8922DF7C-7F5C-44FE-9019-7FE2E1E161DB}.Release|Any CPU.Build.0 = Release|Any CPU
	EndGlobalSection
	GlobalSection(SolutionProperties) = preSolution
		HideSolutionNode = FALSE
	EndGlobalSection
	GlobalSection(ExtensibilityGlobals) = postSolution
		SolutionGuid = {38811F87-F1DE-4439-B4F7-0322A0CD7EB6}
	EndGlobalSection
EndGlobal
